// !$*UTF8*$!
{
	archiveVersion = 1;
	classes = {
	};
	objectVersion = 50;
	objects = {

/* Begin PBXBuildFile section */
		2402980621B6BE5000A8B68B /* Day03.swift in Sources */ = {isa = PBXBuildFile; fileRef = 2402980521B6BE5000A8B68B /* Day03.swift */; };
		2402980821B6BE6500A8B68B /* Day03Tests.swift in Sources */ = {isa = PBXBuildFile; fileRef = 2402980721B6BE6500A8B68B /* Day03Tests.swift */; };
		2410C1112398E34F000E7ECC /* Day05.swift in Sources */ = {isa = PBXBuildFile; fileRef = 2410C1102398E34F000E7ECC /* Day05.swift */; };
		2410C1132398E35F000E7ECC /* Day05Tests.swift in Sources */ = {isa = PBXBuildFile; fileRef = 2410C1122398E35F000E7ECC /* Day05Tests.swift */; };
		2410C1152398E459000E7ECC /* IntcodeComputer.swift in Sources */ = {isa = PBXBuildFile; fileRef = 2410C1142398E459000E7ECC /* IntcodeComputer.swift */; };
		2410C11723992886000E7ECC /* Day05.txt in Resources */ = {isa = PBXBuildFile; fileRef = 2410C11623992886000E7ECC /* Day05.txt */; };
		2410C11C239A3810000E7ECC /* Day06.swift in Sources */ = {isa = PBXBuildFile; fileRef = 2410C11B239A3810000E7ECC /* Day06.swift */; };
		2410C11E239A3840000E7ECC /* Day06Tests.swift in Sources */ = {isa = PBXBuildFile; fileRef = 2410C11D239A3840000E7ECC /* Day06Tests.swift */; };
		2410C120239A3857000E7ECC /* Day06.txt in Resources */ = {isa = PBXBuildFile; fileRef = 2410C11F239A3857000E7ECC /* Day06.txt */; };
		245E185C21BC24C900FDA4AE /* Day05.swift in Sources */ = {isa = PBXBuildFile; fileRef = 245E185B21BC24C900FDA4AE /* Day05.swift */; };
		245E185E21BC24D700FDA4AE /* Day05Tests.swift in Sources */ = {isa = PBXBuildFile; fileRef = 245E185D21BC24D700FDA4AE /* Day05Tests.swift */; };
		245E186021BC25AC00FDA4AE /* Day05.txt in Resources */ = {isa = PBXBuildFile; fileRef = 245E185F21BC25AC00FDA4AE /* Day05.txt */; };
		245E186221BC6A5C00FDA4AE /* Day06.swift in Sources */ = {isa = PBXBuildFile; fileRef = 245E186121BC6A5C00FDA4AE /* Day06.swift */; };
		245E186421BC6A8800FDA4AE /* Day06Tests.swift in Sources */ = {isa = PBXBuildFile; fileRef = 245E186321BC6A8800FDA4AE /* Day06Tests.swift */; };
		245E186621BC6ADD00FDA4AE /* Day06.txt in Resources */ = {isa = PBXBuildFile; fileRef = 245E186521BC6ADD00FDA4AE /* Day06.txt */; };
		245E186821BC7C5D00FDA4AE /* Day07.swift in Sources */ = {isa = PBXBuildFile; fileRef = 245E186721BC7C5D00FDA4AE /* Day07.swift */; };
		245E186A21BC7C6D00FDA4AE /* Day07Tests.swift in Sources */ = {isa = PBXBuildFile; fileRef = 245E186921BC7C6D00FDA4AE /* Day07Tests.swift */; };
		245E186C21BC7C9400FDA4AE /* Day07.txt in Resources */ = {isa = PBXBuildFile; fileRef = 245E186B21BC7C9400FDA4AE /* Day07.txt */; };
		247B620D21BD91F200E167FD /* Day08.swift in Sources */ = {isa = PBXBuildFile; fileRef = 247B620C21BD91F200E167FD /* Day08.swift */; };
		247B620F21BD920000E167FD /* Day08Tests.swift in Sources */ = {isa = PBXBuildFile; fileRef = 247B620E21BD920000E167FD /* Day08Tests.swift */; };
		247B621121BD927600E167FD /* Day08.txt in Resources */ = {isa = PBXBuildFile; fileRef = 247B621021BD927600E167FD /* Day08.txt */; };
		247B621321BDB7A500E167FD /* Day09.swift in Sources */ = {isa = PBXBuildFile; fileRef = 247B621221BDB7A500E167FD /* Day09.swift */; };
		247B621621BDB7D200E167FD /* Day09Tests.swift in Sources */ = {isa = PBXBuildFile; fileRef = 247B621421BDB7D000E167FD /* Day09Tests.swift */; };
		247B621821BDB82100E167FD /* Day09.txt in Resources */ = {isa = PBXBuildFile; fileRef = 247B621721BDB82100E167FD /* Day09.txt */; };
		247B621A21BDCF9200E167FD /* RepeatingSequence.swift in Sources */ = {isa = PBXBuildFile; fileRef = 247B621921BDCF9200E167FD /* RepeatingSequence.swift */; };
		247B621C21BDD0AC00E167FD /* AccumulatingSequence.swift in Sources */ = {isa = PBXBuildFile; fileRef = 247B621B21BDD0AC00E167FD /* AccumulatingSequence.swift */; };
		247B621E21BDD47700E167FD /* RepeatingElementsSequence.swift in Sources */ = {isa = PBXBuildFile; fileRef = 247B621D21BDD47700E167FD /* RepeatingElementsSequence.swift */; };
		247B622021BDD58100E167FD /* Sequence.swift in Sources */ = {isa = PBXBuildFile; fileRef = 247B621F21BDD58100E167FD /* Sequence.swift */; };
		247B622221BE4C2C00E167FD /* Day10.swift in Sources */ = {isa = PBXBuildFile; fileRef = 247B622121BE4C2C00E167FD /* Day10.swift */; };
		247B622421BE4C4000E167FD /* Day10Tests.swift in Sources */ = {isa = PBXBuildFile; fileRef = 247B622321BE4C4000E167FD /* Day10Tests.swift */; };
		247B622621BE4C6800E167FD /* Day10.txt in Resources */ = {isa = PBXBuildFile; fileRef = 247B622521BE4C6800E167FD /* Day10.txt */; };
		247B625521BF014E00E167FD /* Day01Tests.swift in Sources */ = {isa = PBXBuildFile; fileRef = 247B625421BF014E00E167FD /* Day01Tests.swift */; };
		247B625721BF014E00E167FD /* Year2015.framework in Frameworks */ = {isa = PBXBuildFile; fileRef = 247B624621BF014000E167FD /* Year2015.framework */; };
		247B625F21BF01FF00E167FD /* Advent.framework in Frameworks */ = {isa = PBXBuildFile; fileRef = 24DD57A721B4040000A9E99B /* Advent.framework */; };
		247B626121BF021500E167FD /* Day01.swift in Sources */ = {isa = PBXBuildFile; fileRef = 247B626021BF021500E167FD /* Day01.swift */; };
		247B626321BF025100E167FD /* Day01.txt in Resources */ = {isa = PBXBuildFile; fileRef = 247B626221BF025100E167FD /* Day01.txt */; };
		247B626521BF030C00E167FD /* Input.swift in Sources */ = {isa = PBXBuildFile; fileRef = 247B626421BF030C00E167FD /* Input.swift */; };
		247B626721BF07B000E167FD /* Day02.swift in Sources */ = {isa = PBXBuildFile; fileRef = 247B626621BF07B000E167FD /* Day02.swift */; };
		247B626921BF07BD00E167FD /* Day02Tests.swift in Sources */ = {isa = PBXBuildFile; fileRef = 247B626821BF07BD00E167FD /* Day02Tests.swift */; };
		247B626B21BF087E00E167FD /* Day02.txt in Resources */ = {isa = PBXBuildFile; fileRef = 247B626A21BF087E00E167FD /* Day02.txt */; };
		247B626D21BF093500E167FD /* TrianglePairsSequence.swift in Sources */ = {isa = PBXBuildFile; fileRef = 247B626C21BF093500E167FD /* TrianglePairsSequence.swift */; };
		247B626F21BF1AA600E167FD /* Day03.swift in Sources */ = {isa = PBXBuildFile; fileRef = 247B626E21BF1AA600E167FD /* Day03.swift */; };
		247B627121BF1AB200E167FD /* Day03Tests.swift in Sources */ = {isa = PBXBuildFile; fileRef = 247B627021BF1AB200E167FD /* Day03Tests.swift */; };
		247B627321BF1D2A00E167FD /* Day03.txt in Resources */ = {isa = PBXBuildFile; fileRef = 247B627221BF1D2A00E167FD /* Day03.txt */; };
		247B627721BF9D6900E167FD /* Day11.swift in Sources */ = {isa = PBXBuildFile; fileRef = 247B627621BF9D6900E167FD /* Day11.swift */; };
		247B627921BF9D7600E167FD /* Day11Tests.swift in Sources */ = {isa = PBXBuildFile; fileRef = 247B627821BF9D7600E167FD /* Day11Tests.swift */; };
		247B627B21BFA10300E167FD /* LookingAheadSequence.swift in Sources */ = {isa = PBXBuildFile; fileRef = 247B627A21BFA10300E167FD /* LookingAheadSequence.swift */; };
		247B627D21BFA44E00E167FD /* ProductSequence.swift in Sources */ = {isa = PBXBuildFile; fileRef = 247B627C21BFA44E00E167FD /* ProductSequence.swift */; };
		248787C3239520FD005AA771 /* Day01Tests.swift in Sources */ = {isa = PBXBuildFile; fileRef = 248787C2239520FD005AA771 /* Day01Tests.swift */; };
		248787C5239520FD005AA771 /* Year2019.framework in Frameworks */ = {isa = PBXBuildFile; fileRef = 248787B4239520C7005AA771 /* Year2019.framework */; };
		248787CD239521A3005AA771 /* Day01.swift in Sources */ = {isa = PBXBuildFile; fileRef = 248787CC239521A3005AA771 /* Day01.swift */; };
		248787CF239521C1005AA771 /* Input.swift in Sources */ = {isa = PBXBuildFile; fileRef = 248787CE239521C1005AA771 /* Input.swift */; };
		248787D1239523C6005AA771 /* Day01.txt in Resources */ = {isa = PBXBuildFile; fileRef = 248787D0239523C0005AA771 /* Day01.txt */; };
		248787D323952841005AA771 /* Day02.swift in Sources */ = {isa = PBXBuildFile; fileRef = 248787D223952841005AA771 /* Day02.swift */; };
		248787D7239528D0005AA771 /* Day02.txt in Resources */ = {isa = PBXBuildFile; fileRef = 248787D6239528D0005AA771 /* Day02.txt */; };
		248787D8239528E4005AA771 /* Day02Tests.swift in Sources */ = {isa = PBXBuildFile; fileRef = 248787D42395284B005AA771 /* Day02Tests.swift */; };
		248787DB239531B2005AA771 /* Advent.framework in Frameworks */ = {isa = PBXBuildFile; fileRef = 24DD57A721B4040000A9E99B /* Advent.framework */; };
		248787DE239531BB005AA771 /* Advent.framework in Frameworks */ = {isa = PBXBuildFile; fileRef = 24DD57A721B4040000A9E99B /* Advent.framework */; };
		24C6BAB3239646E600582C71 /* Position.swift in Sources */ = {isa = PBXBuildFile; fileRef = 24C6BAB2239646E600582C71 /* Position.swift */; };
		24C6BABA23967F5500582C71 /* Day03.swift in Sources */ = {isa = PBXBuildFile; fileRef = 24C6BAB923967F5500582C71 /* Day03.swift */; };
		24C6BABC23967F5C00582C71 /* Day03Tests.swift in Sources */ = {isa = PBXBuildFile; fileRef = 24C6BABB23967F5C00582C71 /* Day03Tests.swift */; };
		24C6BABE239685AA00582C71 /* Day03.txt in Resources */ = {isa = PBXBuildFile; fileRef = 24C6BABD239685AA00582C71 /* Day03.txt */; };
		24C6BAC023979BEE00582C71 /* Day04.swift in Sources */ = {isa = PBXBuildFile; fileRef = 24C6BABF23979BEE00582C71 /* Day04.swift */; };
		24C6BAC223979C0200582C71 /* Day04Tests.swift in Sources */ = {isa = PBXBuildFile; fileRef = 24C6BAC123979C0200582C71 /* Day04Tests.swift */; };
		24C6BAC423979F5200582C71 /* Day04.txt in Resources */ = {isa = PBXBuildFile; fileRef = 24C6BAC323979F5200582C71 /* Day04.txt */; };
		24DD576721B3FECB00A9E99B /* Day01Tests.swift in Sources */ = {isa = PBXBuildFile; fileRef = 24DD576621B3FECB00A9E99B /* Day01Tests.swift */; };
		24DD576921B3FECB00A9E99B /* Year2018.framework in Frameworks */ = {isa = PBXBuildFile; fileRef = 24DD575821B3FE8500A9E99B /* Year2018.framework */; };
		24DD579F21B400F600A9E99B /* Day01.swift in Sources */ = {isa = PBXBuildFile; fileRef = 24DD579E21B400F600A9E99B /* Day01.swift */; };
		24DD57B021B4040C00A9E99B /* Input.swift in Sources */ = {isa = PBXBuildFile; fileRef = 24DD57AF21B4040C00A9E99B /* Input.swift */; };
		24DD57B221B4045500A9E99B /* Advent.framework in Frameworks */ = {isa = PBXBuildFile; fileRef = 24DD57A721B4040000A9E99B /* Advent.framework */; };
		24DD57B521B409E800A9E99B /* Input.swift in Sources */ = {isa = PBXBuildFile; fileRef = 24DD57B321B4047E00A9E99B /* Input.swift */; };
		24DD57B621B409F900A9E99B /* Day01.txt in Resources */ = {isa = PBXBuildFile; fileRef = 24DD57A021B4026000A9E99B /* Day01.txt */; };
		24DD57B821B5BEC700A9E99B /* Day02.swift in Sources */ = {isa = PBXBuildFile; fileRef = 24DD57B721B5BEC700A9E99B /* Day02.swift */; };
		24DD57BA21B5BED400A9E99B /* Day02Tests.swift in Sources */ = {isa = PBXBuildFile; fileRef = 24DD57B921B5BED400A9E99B /* Day02Tests.swift */; };
		24DD57BD21B5BEF200A9E99B /* Day02.txt in Resources */ = {isa = PBXBuildFile; fileRef = 24DD57BB21B5BEED00A9E99B /* Day02.txt */; };
		24DD57C321B726A200A9E99B /* Day03.txt in Resources */ = {isa = PBXBuildFile; fileRef = 24DD57C221B726A200A9E99B /* Day03.txt */; };
		24E4526821B83B8E001CE1AD /* Day04.swift in Sources */ = {isa = PBXBuildFile; fileRef = 24E4526721B83B8E001CE1AD /* Day04.swift */; };
		24E4526A21B83B9A001CE1AD /* Day04Tests.swift in Sources */ = {isa = PBXBuildFile; fileRef = 24E4526921B83B9A001CE1AD /* Day04Tests.swift */; };
		24E4526C21B83DCC001CE1AD /* Day04.txt in Resources */ = {isa = PBXBuildFile; fileRef = 24E4526B21B83DCC001CE1AD /* Day04.txt */; };
		24F2BC2221C5C0DE005F84B2 /* Day12.swift in Sources */ = {isa = PBXBuildFile; fileRef = 24F2BC2121C5C0DE005F84B2 /* Day12.swift */; };
		24F2BC2421C5C0EB005F84B2 /* Day12Tests.swift in Sources */ = {isa = PBXBuildFile; fileRef = 24F2BC2321C5C0EB005F84B2 /* Day12Tests.swift */; };
		24F2BC2621C5C877005F84B2 /* Day12.txt in Resources */ = {isa = PBXBuildFile; fileRef = 24F2BC2521C5C877005F84B2 /* Day12.txt */; };
		24F2BC2821C6C9CC005F84B2 /* Collection.swift in Sources */ = {isa = PBXBuildFile; fileRef = 24F2BC2721C6C9CC005F84B2 /* Collection.swift */; };
/* End PBXBuildFile section */

/* Begin PBXContainerItemProxy section */
		247B625821BF014E00E167FD /* PBXContainerItemProxy */ = {
			isa = PBXContainerItemProxy;
			containerPortal = 24DD573E21B3FDF800A9E99B /* Project object */;
			proxyType = 1;
			remoteGlobalIDString = 247B624521BF014000E167FD;
			remoteInfo = Year2015;
		};
		248787C6239520FD005AA771 /* PBXContainerItemProxy */ = {
			isa = PBXContainerItemProxy;
			containerPortal = 24DD573E21B3FDF800A9E99B /* Project object */;
			proxyType = 1;
			remoteGlobalIDString = 248787B3239520C7005AA771;
			remoteInfo = Year2019;
		};
		248787D9239531AE005AA771 /* PBXContainerItemProxy */ = {
			isa = PBXContainerItemProxy;
			containerPortal = 24DD573E21B3FDF800A9E99B /* Project object */;
			proxyType = 1;
			remoteGlobalIDString = 24DD57A621B4040000A9E99B;
			remoteInfo = Advent;
		};
		248787DC239531B8005AA771 /* PBXContainerItemProxy */ = {
			isa = PBXContainerItemProxy;
			containerPortal = 24DD573E21B3FDF800A9E99B /* Project object */;
			proxyType = 1;
			remoteGlobalIDString = 24DD57A621B4040000A9E99B;
			remoteInfo = Advent;
		};
		24C6BAB723967E7400582C71 /* PBXContainerItemProxy */ = {
			isa = PBXContainerItemProxy;
			containerPortal = 24DD573E21B3FDF800A9E99B /* Project object */;
			proxyType = 1;
			remoteGlobalIDString = 24DD575721B3FE8500A9E99B;
			remoteInfo = Year2018;
		};
/* End PBXContainerItemProxy section */

/* Begin PBXFileReference section */
		2402980521B6BE5000A8B68B /* Day03.swift */ = {isa = PBXFileReference; lastKnownFileType = sourcecode.swift; path = Day03.swift; sourceTree = "<group>"; };
		2402980721B6BE6500A8B68B /* Day03Tests.swift */ = {isa = PBXFileReference; lastKnownFileType = sourcecode.swift; path = Day03Tests.swift; sourceTree = "<group>"; };
		2410C1102398E34F000E7ECC /* Day05.swift */ = {isa = PBXFileReference; lastKnownFileType = sourcecode.swift; path = Day05.swift; sourceTree = "<group>"; };
		2410C1122398E35F000E7ECC /* Day05Tests.swift */ = {isa = PBXFileReference; lastKnownFileType = sourcecode.swift; path = Day05Tests.swift; sourceTree = "<group>"; };
		2410C1142398E459000E7ECC /* IntcodeComputer.swift */ = {isa = PBXFileReference; lastKnownFileType = sourcecode.swift; path = IntcodeComputer.swift; sourceTree = "<group>"; };
		2410C11623992886000E7ECC /* Day05.txt */ = {isa = PBXFileReference; lastKnownFileType = text; path = Day05.txt; sourceTree = "<group>"; };
		2410C11B239A3810000E7ECC /* Day06.swift */ = {isa = PBXFileReference; lastKnownFileType = sourcecode.swift; path = Day06.swift; sourceTree = "<group>"; };
		2410C11D239A3840000E7ECC /* Day06Tests.swift */ = {isa = PBXFileReference; lastKnownFileType = sourcecode.swift; path = Day06Tests.swift; sourceTree = "<group>"; };
		2410C11F239A3857000E7ECC /* Day06.txt */ = {isa = PBXFileReference; lastKnownFileType = text; path = Day06.txt; sourceTree = "<group>"; };
		245E185B21BC24C900FDA4AE /* Day05.swift */ = {isa = PBXFileReference; lastKnownFileType = sourcecode.swift; path = Day05.swift; sourceTree = "<group>"; };
		245E185D21BC24D700FDA4AE /* Day05Tests.swift */ = {isa = PBXFileReference; lastKnownFileType = sourcecode.swift; path = Day05Tests.swift; sourceTree = "<group>"; };
		245E185F21BC25AC00FDA4AE /* Day05.txt */ = {isa = PBXFileReference; fileEncoding = 4; lastKnownFileType = text; path = Day05.txt; sourceTree = "<group>"; };
		245E186121BC6A5C00FDA4AE /* Day06.swift */ = {isa = PBXFileReference; lastKnownFileType = sourcecode.swift; path = Day06.swift; sourceTree = "<group>"; };
		245E186321BC6A8800FDA4AE /* Day06Tests.swift */ = {isa = PBXFileReference; lastKnownFileType = sourcecode.swift; path = Day06Tests.swift; sourceTree = "<group>"; };
		245E186521BC6ADD00FDA4AE /* Day06.txt */ = {isa = PBXFileReference; fileEncoding = 4; lastKnownFileType = text; path = Day06.txt; sourceTree = "<group>"; };
		245E186721BC7C5D00FDA4AE /* Day07.swift */ = {isa = PBXFileReference; lastKnownFileType = sourcecode.swift; path = Day07.swift; sourceTree = "<group>"; };
		245E186921BC7C6D00FDA4AE /* Day07Tests.swift */ = {isa = PBXFileReference; lastKnownFileType = sourcecode.swift; path = Day07Tests.swift; sourceTree = "<group>"; };
		245E186B21BC7C9400FDA4AE /* Day07.txt */ = {isa = PBXFileReference; fileEncoding = 4; lastKnownFileType = text; path = Day07.txt; sourceTree = "<group>"; };
		247B620C21BD91F200E167FD /* Day08.swift */ = {isa = PBXFileReference; lastKnownFileType = sourcecode.swift; path = Day08.swift; sourceTree = "<group>"; };
		247B620E21BD920000E167FD /* Day08Tests.swift */ = {isa = PBXFileReference; lastKnownFileType = sourcecode.swift; path = Day08Tests.swift; sourceTree = "<group>"; };
		247B621021BD927600E167FD /* Day08.txt */ = {isa = PBXFileReference; fileEncoding = 4; lastKnownFileType = text; path = Day08.txt; sourceTree = "<group>"; };
		247B621221BDB7A500E167FD /* Day09.swift */ = {isa = PBXFileReference; lastKnownFileType = sourcecode.swift; path = Day09.swift; sourceTree = "<group>"; };
		247B621421BDB7D000E167FD /* Day09Tests.swift */ = {isa = PBXFileReference; lastKnownFileType = sourcecode.swift; path = Day09Tests.swift; sourceTree = "<group>"; };
		247B621721BDB82100E167FD /* Day09.txt */ = {isa = PBXFileReference; fileEncoding = 4; lastKnownFileType = text; path = Day09.txt; sourceTree = "<group>"; };
		247B621921BDCF9200E167FD /* RepeatingSequence.swift */ = {isa = PBXFileReference; lastKnownFileType = sourcecode.swift; path = RepeatingSequence.swift; sourceTree = "<group>"; };
		247B621B21BDD0AC00E167FD /* AccumulatingSequence.swift */ = {isa = PBXFileReference; lastKnownFileType = sourcecode.swift; path = AccumulatingSequence.swift; sourceTree = "<group>"; };
		247B621D21BDD47700E167FD /* RepeatingElementsSequence.swift */ = {isa = PBXFileReference; lastKnownFileType = sourcecode.swift; path = RepeatingElementsSequence.swift; sourceTree = "<group>"; };
		247B621F21BDD58100E167FD /* Sequence.swift */ = {isa = PBXFileReference; lastKnownFileType = sourcecode.swift; path = Sequence.swift; sourceTree = "<group>"; };
		247B622121BE4C2C00E167FD /* Day10.swift */ = {isa = PBXFileReference; lastKnownFileType = sourcecode.swift; path = Day10.swift; sourceTree = "<group>"; };
		247B622321BE4C4000E167FD /* Day10Tests.swift */ = {isa = PBXFileReference; lastKnownFileType = sourcecode.swift; path = Day10Tests.swift; sourceTree = "<group>"; };
		247B622521BE4C6800E167FD /* Day10.txt */ = {isa = PBXFileReference; fileEncoding = 4; lastKnownFileType = text; path = Day10.txt; sourceTree = "<group>"; };
		247B624621BF014000E167FD /* Year2015.framework */ = {isa = PBXFileReference; explicitFileType = wrapper.framework; includeInIndex = 0; path = Year2015.framework; sourceTree = BUILT_PRODUCTS_DIR; };
		247B625221BF014E00E167FD /* Year2015 Tests.xctest */ = {isa = PBXFileReference; explicitFileType = wrapper.cfbundle; includeInIndex = 0; path = "Year2015 Tests.xctest"; sourceTree = BUILT_PRODUCTS_DIR; };
		247B625421BF014E00E167FD /* Day01Tests.swift */ = {isa = PBXFileReference; lastKnownFileType = sourcecode.swift; path = Day01Tests.swift; sourceTree = "<group>"; };
		247B626021BF021500E167FD /* Day01.swift */ = {isa = PBXFileReference; lastKnownFileType = sourcecode.swift; path = Day01.swift; sourceTree = "<group>"; };
		247B626221BF025100E167FD /* Day01.txt */ = {isa = PBXFileReference; fileEncoding = 4; lastKnownFileType = text; path = Day01.txt; sourceTree = "<group>"; };
		247B626421BF030C00E167FD /* Input.swift */ = {isa = PBXFileReference; fileEncoding = 4; lastKnownFileType = sourcecode.swift; path = Input.swift; sourceTree = "<group>"; };
		247B626621BF07B000E167FD /* Day02.swift */ = {isa = PBXFileReference; lastKnownFileType = sourcecode.swift; path = Day02.swift; sourceTree = "<group>"; };
		247B626821BF07BD00E167FD /* Day02Tests.swift */ = {isa = PBXFileReference; lastKnownFileType = sourcecode.swift; path = Day02Tests.swift; sourceTree = "<group>"; };
		247B626A21BF087E00E167FD /* Day02.txt */ = {isa = PBXFileReference; fileEncoding = 4; lastKnownFileType = text; path = Day02.txt; sourceTree = "<group>"; };
		247B626C21BF093500E167FD /* TrianglePairsSequence.swift */ = {isa = PBXFileReference; lastKnownFileType = sourcecode.swift; path = TrianglePairsSequence.swift; sourceTree = "<group>"; };
		247B626E21BF1AA600E167FD /* Day03.swift */ = {isa = PBXFileReference; lastKnownFileType = sourcecode.swift; path = Day03.swift; sourceTree = "<group>"; };
		247B627021BF1AB200E167FD /* Day03Tests.swift */ = {isa = PBXFileReference; lastKnownFileType = sourcecode.swift; path = Day03Tests.swift; sourceTree = "<group>"; };
		247B627221BF1D2A00E167FD /* Day03.txt */ = {isa = PBXFileReference; fileEncoding = 4; lastKnownFileType = text; path = Day03.txt; sourceTree = "<group>"; };
		247B627621BF9D6900E167FD /* Day11.swift */ = {isa = PBXFileReference; lastKnownFileType = sourcecode.swift; path = Day11.swift; sourceTree = "<group>"; };
		247B627821BF9D7600E167FD /* Day11Tests.swift */ = {isa = PBXFileReference; lastKnownFileType = sourcecode.swift; path = Day11Tests.swift; sourceTree = "<group>"; };
		247B627A21BFA10300E167FD /* LookingAheadSequence.swift */ = {isa = PBXFileReference; lastKnownFileType = sourcecode.swift; path = LookingAheadSequence.swift; sourceTree = "<group>"; };
		247B627C21BFA44E00E167FD /* ProductSequence.swift */ = {isa = PBXFileReference; lastKnownFileType = sourcecode.swift; path = ProductSequence.swift; sourceTree = "<group>"; };
		248787B4239520C7005AA771 /* Year2019.framework */ = {isa = PBXFileReference; explicitFileType = wrapper.framework; includeInIndex = 0; path = Year2019.framework; sourceTree = BUILT_PRODUCTS_DIR; };
		248787C0239520FD005AA771 /* Year2019 Tests.xctest */ = {isa = PBXFileReference; explicitFileType = wrapper.cfbundle; includeInIndex = 0; path = "Year2019 Tests.xctest"; sourceTree = BUILT_PRODUCTS_DIR; };
		248787C2239520FD005AA771 /* Day01Tests.swift */ = {isa = PBXFileReference; lastKnownFileType = sourcecode.swift; path = Day01Tests.swift; sourceTree = "<group>"; };
		248787CC239521A3005AA771 /* Day01.swift */ = {isa = PBXFileReference; lastKnownFileType = sourcecode.swift; path = Day01.swift; sourceTree = "<group>"; };
		248787CE239521C1005AA771 /* Input.swift */ = {isa = PBXFileReference; lastKnownFileType = sourcecode.swift; path = Input.swift; sourceTree = "<group>"; };
		248787D0239523C0005AA771 /* Day01.txt */ = {isa = PBXFileReference; lastKnownFileType = text; path = Day01.txt; sourceTree = "<group>"; };
		248787D223952841005AA771 /* Day02.swift */ = {isa = PBXFileReference; lastKnownFileType = sourcecode.swift; path = Day02.swift; sourceTree = "<group>"; };
		248787D42395284B005AA771 /* Day02Tests.swift */ = {isa = PBXFileReference; lastKnownFileType = sourcecode.swift; path = Day02Tests.swift; sourceTree = "<group>"; };
		248787D6239528D0005AA771 /* Day02.txt */ = {isa = PBXFileReference; lastKnownFileType = text; path = Day02.txt; sourceTree = "<group>"; };
		24C6BAB2239646E600582C71 /* Position.swift */ = {isa = PBXFileReference; lastKnownFileType = sourcecode.swift; path = Position.swift; sourceTree = "<group>"; };
		24C6BAB923967F5500582C71 /* Day03.swift */ = {isa = PBXFileReference; fileEncoding = 4; lastKnownFileType = sourcecode.swift; path = Day03.swift; sourceTree = "<group>"; };
		24C6BABB23967F5C00582C71 /* Day03Tests.swift */ = {isa = PBXFileReference; fileEncoding = 4; lastKnownFileType = sourcecode.swift; path = Day03Tests.swift; sourceTree = "<group>"; };
		24C6BABD239685AA00582C71 /* Day03.txt */ = {isa = PBXFileReference; fileEncoding = 4; lastKnownFileType = text; path = Day03.txt; sourceTree = "<group>"; };
		24C6BABF23979BEE00582C71 /* Day04.swift */ = {isa = PBXFileReference; lastKnownFileType = sourcecode.swift; path = Day04.swift; sourceTree = "<group>"; };
		24C6BAC123979C0200582C71 /* Day04Tests.swift */ = {isa = PBXFileReference; lastKnownFileType = sourcecode.swift; path = Day04Tests.swift; sourceTree = "<group>"; };
		24C6BAC323979F5200582C71 /* Day04.txt */ = {isa = PBXFileReference; lastKnownFileType = text; path = Day04.txt; sourceTree = "<group>"; };
		24DD575821B3FE8500A9E99B /* Year2018.framework */ = {isa = PBXFileReference; explicitFileType = wrapper.framework; includeInIndex = 0; path = Year2018.framework; sourceTree = BUILT_PRODUCTS_DIR; };
		24DD576421B3FECA00A9E99B /* Year2018 Tests.xctest */ = {isa = PBXFileReference; explicitFileType = wrapper.cfbundle; includeInIndex = 0; path = "Year2018 Tests.xctest"; sourceTree = BUILT_PRODUCTS_DIR; };
		24DD576621B3FECB00A9E99B /* Day01Tests.swift */ = {isa = PBXFileReference; lastKnownFileType = sourcecode.swift; path = Day01Tests.swift; sourceTree = "<group>"; };
		24DD577321B3FFF900A9E99B /* SPM Package Description.xcconfig */ = {isa = PBXFileReference; lastKnownFileType = text.xcconfig; path = "SPM Package Description.xcconfig"; sourceTree = "<group>"; };
		24DD577521B3FFF900A9E99B /* macOS.xcconfig */ = {isa = PBXFileReference; lastKnownFileType = text.xcconfig; path = macOS.xcconfig; sourceTree = "<group>"; };
		24DD577621B3FFF900A9E99B /* macOS Command Line Tool.xcconfig */ = {isa = PBXFileReference; lastKnownFileType = text.xcconfig; path = "macOS Command Line Tool.xcconfig"; sourceTree = "<group>"; };
		24DD577721B3FFF900A9E99B /* macOS UI Tests.xcconfig */ = {isa = PBXFileReference; lastKnownFileType = text.xcconfig; path = "macOS UI Tests.xcconfig"; sourceTree = "<group>"; };
		24DD577821B3FFF900A9E99B /* macOS Application.xcconfig */ = {isa = PBXFileReference; lastKnownFileType = text.xcconfig; path = "macOS Application.xcconfig"; sourceTree = "<group>"; };
		24DD577921B3FFF900A9E99B /* macOS Tests.xcconfig */ = {isa = PBXFileReference; lastKnownFileType = text.xcconfig; path = "macOS Tests.xcconfig"; sourceTree = "<group>"; };
		24DD577A21B3FFF900A9E99B /* macOS Framework.xcconfig */ = {isa = PBXFileReference; lastKnownFileType = text.xcconfig; path = "macOS Framework.xcconfig"; sourceTree = "<group>"; };
		24DD577B21B3FFF900A9E99B /* macOS Extension.xcconfig */ = {isa = PBXFileReference; lastKnownFileType = text.xcconfig; path = "macOS Extension.xcconfig"; sourceTree = "<group>"; };
		24DD577D21B3FFF900A9E99B /* watchOS Extension.xcconfig */ = {isa = PBXFileReference; lastKnownFileType = text.xcconfig; path = "watchOS Extension.xcconfig"; sourceTree = "<group>"; };
		24DD577E21B3FFF900A9E99B /* watchOS Application.xcconfig */ = {isa = PBXFileReference; lastKnownFileType = text.xcconfig; path = "watchOS Application.xcconfig"; sourceTree = "<group>"; };
		24DD577F21B3FFF900A9E99B /* watchOS Framework.xcconfig */ = {isa = PBXFileReference; lastKnownFileType = text.xcconfig; path = "watchOS Framework.xcconfig"; sourceTree = "<group>"; };
		24DD578021B3FFF900A9E99B /* watchOS.xcconfig */ = {isa = PBXFileReference; lastKnownFileType = text.xcconfig; path = watchOS.xcconfig; sourceTree = "<group>"; };
		24DD578121B3FFF900A9E99B /* Debug.xcconfig */ = {isa = PBXFileReference; lastKnownFileType = text.xcconfig; path = Debug.xcconfig; sourceTree = "<group>"; };
		24DD578221B3FFFA00A9E99B /* Release.xcconfig */ = {isa = PBXFileReference; lastKnownFileType = text.xcconfig; path = Release.xcconfig; sourceTree = "<group>"; };
		24DD578421B3FFFA00A9E99B /* Shared Tests.xcconfig */ = {isa = PBXFileReference; lastKnownFileType = text.xcconfig; path = "Shared Tests.xcconfig"; sourceTree = "<group>"; };
		24DD578521B3FFFA00A9E99B /* Shared.xcconfig */ = {isa = PBXFileReference; lastKnownFileType = text.xcconfig; path = Shared.xcconfig; sourceTree = "<group>"; };
		24DD578621B3FFFA00A9E99B /* Shared Tests.plist */ = {isa = PBXFileReference; lastKnownFileType = text.plist.xml; path = "Shared Tests.plist"; sourceTree = "<group>"; };
		24DD578721B3FFFA00A9E99B /* Shared Framework.xcconfig */ = {isa = PBXFileReference; lastKnownFileType = text.xcconfig; path = "Shared Framework.xcconfig"; sourceTree = "<group>"; };
		24DD578821B3FFFA00A9E99B /* Shared Application.xcconfig */ = {isa = PBXFileReference; lastKnownFileType = text.xcconfig; path = "Shared Application.xcconfig"; sourceTree = "<group>"; };
		24DD578921B3FFFA00A9E99B /* Shared Framework.plist */ = {isa = PBXFileReference; lastKnownFileType = text.plist.xml; path = "Shared Framework.plist"; sourceTree = "<group>"; };
		24DD578A21B3FFFA00A9E99B /* Shared UI Tests.xcconfig */ = {isa = PBXFileReference; lastKnownFileType = text.xcconfig; path = "Shared UI Tests.xcconfig"; sourceTree = "<group>"; };
		24DD578B21B3FFFA00A9E99B /* Shared Extension.xcconfig */ = {isa = PBXFileReference; lastKnownFileType = text.xcconfig; path = "Shared Extension.xcconfig"; sourceTree = "<group>"; };
		24DD578D21B3FFFA00A9E99B /* iOS UI Tests.xcconfig */ = {isa = PBXFileReference; lastKnownFileType = text.xcconfig; path = "iOS UI Tests.xcconfig"; sourceTree = "<group>"; };
		24DD578E21B3FFFA00A9E99B /* iOS Static Library.xcconfig */ = {isa = PBXFileReference; lastKnownFileType = text.xcconfig; path = "iOS Static Library.xcconfig"; sourceTree = "<group>"; };
		24DD578F21B3FFFA00A9E99B /* iOS Extension.xcconfig */ = {isa = PBXFileReference; lastKnownFileType = text.xcconfig; path = "iOS Extension.xcconfig"; sourceTree = "<group>"; };
		24DD579021B3FFFA00A9E99B /* iOS Application.xcconfig */ = {isa = PBXFileReference; lastKnownFileType = text.xcconfig; path = "iOS Application.xcconfig"; sourceTree = "<group>"; };
		24DD579121B3FFFA00A9E99B /* iOS Tests.xcconfig */ = {isa = PBXFileReference; lastKnownFileType = text.xcconfig; path = "iOS Tests.xcconfig"; sourceTree = "<group>"; };
		24DD579221B3FFFA00A9E99B /* iOS.xcconfig */ = {isa = PBXFileReference; lastKnownFileType = text.xcconfig; path = iOS.xcconfig; sourceTree = "<group>"; };
		24DD579321B3FFFA00A9E99B /* iOS Application.plist */ = {isa = PBXFileReference; lastKnownFileType = text.plist.xml; path = "iOS Application.plist"; sourceTree = "<group>"; };
		24DD579421B3FFFA00A9E99B /* iOS Framework.xcconfig */ = {isa = PBXFileReference; lastKnownFileType = text.xcconfig; path = "iOS Framework.xcconfig"; sourceTree = "<group>"; };
		24DD579521B3FFFA00A9E99B /* iOS Bundle.xcconfig */ = {isa = PBXFileReference; lastKnownFileType = text.xcconfig; path = "iOS Bundle.xcconfig"; sourceTree = "<group>"; };
		24DD579821B3FFFA00A9E99B /* tvOS Application.xcconfig */ = {isa = PBXFileReference; lastKnownFileType = text.xcconfig; path = "tvOS Application.xcconfig"; sourceTree = "<group>"; };
		24DD579921B3FFFA00A9E99B /* tvOS Framework.xcconfig */ = {isa = PBXFileReference; lastKnownFileType = text.xcconfig; path = "tvOS Framework.xcconfig"; sourceTree = "<group>"; };
		24DD579A21B3FFFA00A9E99B /* tvOS.xcconfig */ = {isa = PBXFileReference; lastKnownFileType = text.xcconfig; path = tvOS.xcconfig; sourceTree = "<group>"; };
		24DD579B21B3FFFA00A9E99B /* tvOS Extension.xcconfig */ = {isa = PBXFileReference; lastKnownFileType = text.xcconfig; path = "tvOS Extension.xcconfig"; sourceTree = "<group>"; };
		24DD579C21B3FFFA00A9E99B /* tvOS UI Tests.xcconfig */ = {isa = PBXFileReference; lastKnownFileType = text.xcconfig; path = "tvOS UI Tests.xcconfig"; sourceTree = "<group>"; };
		24DD579D21B3FFFA00A9E99B /* tvOS Tests.xcconfig */ = {isa = PBXFileReference; lastKnownFileType = text.xcconfig; path = "tvOS Tests.xcconfig"; sourceTree = "<group>"; };
		24DD579E21B400F600A9E99B /* Day01.swift */ = {isa = PBXFileReference; lastKnownFileType = sourcecode.swift; path = Day01.swift; sourceTree = "<group>"; };
		24DD57A021B4026000A9E99B /* Day01.txt */ = {isa = PBXFileReference; fileEncoding = 4; lastKnownFileType = text; path = Day01.txt; sourceTree = "<group>"; };
		24DD57A721B4040000A9E99B /* Advent.framework */ = {isa = PBXFileReference; explicitFileType = wrapper.framework; includeInIndex = 0; path = Advent.framework; sourceTree = BUILT_PRODUCTS_DIR; };
		24DD57AF21B4040C00A9E99B /* Input.swift */ = {isa = PBXFileReference; lastKnownFileType = sourcecode.swift; path = Input.swift; sourceTree = "<group>"; };
		24DD57B321B4047E00A9E99B /* Input.swift */ = {isa = PBXFileReference; lastKnownFileType = sourcecode.swift; path = Input.swift; sourceTree = "<group>"; };
		24DD57B721B5BEC700A9E99B /* Day02.swift */ = {isa = PBXFileReference; lastKnownFileType = sourcecode.swift; path = Day02.swift; sourceTree = "<group>"; };
		24DD57B921B5BED400A9E99B /* Day02Tests.swift */ = {isa = PBXFileReference; lastKnownFileType = sourcecode.swift; path = Day02Tests.swift; sourceTree = "<group>"; };
		24DD57BB21B5BEED00A9E99B /* Day02.txt */ = {isa = PBXFileReference; fileEncoding = 4; lastKnownFileType = text; path = Day02.txt; sourceTree = "<group>"; };
		24DD57C221B726A200A9E99B /* Day03.txt */ = {isa = PBXFileReference; fileEncoding = 4; lastKnownFileType = text; path = Day03.txt; sourceTree = "<group>"; };
		24E4526721B83B8E001CE1AD /* Day04.swift */ = {isa = PBXFileReference; lastKnownFileType = sourcecode.swift; path = Day04.swift; sourceTree = "<group>"; };
		24E4526921B83B9A001CE1AD /* Day04Tests.swift */ = {isa = PBXFileReference; lastKnownFileType = sourcecode.swift; path = Day04Tests.swift; sourceTree = "<group>"; };
		24E4526B21B83DCC001CE1AD /* Day04.txt */ = {isa = PBXFileReference; fileEncoding = 4; lastKnownFileType = text; path = Day04.txt; sourceTree = "<group>"; };
		24F2BC2121C5C0DE005F84B2 /* Day12.swift */ = {isa = PBXFileReference; lastKnownFileType = sourcecode.swift; path = Day12.swift; sourceTree = "<group>"; };
		24F2BC2321C5C0EB005F84B2 /* Day12Tests.swift */ = {isa = PBXFileReference; lastKnownFileType = sourcecode.swift; path = Day12Tests.swift; sourceTree = "<group>"; };
		24F2BC2521C5C877005F84B2 /* Day12.txt */ = {isa = PBXFileReference; fileEncoding = 4; lastKnownFileType = text; path = Day12.txt; sourceTree = "<group>"; };
		24F2BC2721C6C9CC005F84B2 /* Collection.swift */ = {isa = PBXFileReference; lastKnownFileType = sourcecode.swift; path = Collection.swift; sourceTree = "<group>"; };
/* End PBXFileReference section */

/* Begin PBXFrameworksBuildPhase section */
		247B624321BF014000E167FD /* Frameworks */ = {
			isa = PBXFrameworksBuildPhase;
			buildActionMask = 2147483647;
			files = (
				247B625F21BF01FF00E167FD /* Advent.framework in Frameworks */,
			);
			runOnlyForDeploymentPostprocessing = 0;
		};
		247B624F21BF014E00E167FD /* Frameworks */ = {
			isa = PBXFrameworksBuildPhase;
			buildActionMask = 2147483647;
			files = (
				247B625721BF014E00E167FD /* Year2015.framework in Frameworks */,
			);
			runOnlyForDeploymentPostprocessing = 0;
		};
		248787B1239520C7005AA771 /* Frameworks */ = {
			isa = PBXFrameworksBuildPhase;
			buildActionMask = 2147483647;
			files = (
				248787DB239531B2005AA771 /* Advent.framework in Frameworks */,
			);
			runOnlyForDeploymentPostprocessing = 0;
		};
		248787BD239520FD005AA771 /* Frameworks */ = {
			isa = PBXFrameworksBuildPhase;
			buildActionMask = 2147483647;
			files = (
				248787DE239531BB005AA771 /* Advent.framework in Frameworks */,
				248787C5239520FD005AA771 /* Year2019.framework in Frameworks */,
			);
			runOnlyForDeploymentPostprocessing = 0;
		};
		24DD575521B3FE8500A9E99B /* Frameworks */ = {
			isa = PBXFrameworksBuildPhase;
			buildActionMask = 2147483647;
			files = (
				24DD57B221B4045500A9E99B /* Advent.framework in Frameworks */,
			);
			runOnlyForDeploymentPostprocessing = 0;
		};
		24DD576121B3FECA00A9E99B /* Frameworks */ = {
			isa = PBXFrameworksBuildPhase;
			buildActionMask = 2147483647;
			files = (
				24DD576921B3FECB00A9E99B /* Year2018.framework in Frameworks */,
			);
			runOnlyForDeploymentPostprocessing = 0;
		};
		24DD57A421B4040000A9E99B /* Frameworks */ = {
			isa = PBXFrameworksBuildPhase;
			buildActionMask = 2147483647;
			files = (
			);
			runOnlyForDeploymentPostprocessing = 0;
		};
/* End PBXFrameworksBuildPhase section */

/* Begin PBXGroup section */
		247B624721BF014100E167FD /* Source */ = {
			isa = PBXGroup;
			children = (
				247B626021BF021500E167FD /* Day01.swift */,
				247B626621BF07B000E167FD /* Day02.swift */,
				247B626E21BF1AA600E167FD /* Day03.swift */,
			);
			path = Source;
			sourceTree = "<group>";
		};
		247B625321BF014E00E167FD /* Tests */ = {
			isa = PBXGroup;
			children = (
				247B626421BF030C00E167FD /* Input.swift */,
				247B625421BF014E00E167FD /* Day01Tests.swift */,
				247B626221BF025100E167FD /* Day01.txt */,
				247B626821BF07BD00E167FD /* Day02Tests.swift */,
				247B626A21BF087E00E167FD /* Day02.txt */,
				247B627021BF1AB200E167FD /* Day03Tests.swift */,
				247B627221BF1D2A00E167FD /* Day03.txt */,
			);
			path = Tests;
			sourceTree = "<group>";
		};
		247B625D21BF01D800E167FD /* Year2015 */ = {
			isa = PBXGroup;
			children = (
				247B624721BF014100E167FD /* Source */,
				247B625321BF014E00E167FD /* Tests */,
			);
			path = Year2015;
			sourceTree = "<group>";
		};
		247B625E21BF01FF00E167FD /* Frameworks */ = {
			isa = PBXGroup;
			children = (
			);
			name = Frameworks;
			sourceTree = "<group>";
		};
		248787B5239520C7005AA771 /* Year2019 */ = {
			isa = PBXGroup;
			children = (
				248787CB2395211F005AA771 /* Source */,
				248787C1239520FD005AA771 /* Tests */,
			);
			path = Year2019;
			sourceTree = "<group>";
		};
		248787C1239520FD005AA771 /* Tests */ = {
			isa = PBXGroup;
			children = (
				248787CE239521C1005AA771 /* Input.swift */,
				248787D0239523C0005AA771 /* Day01.txt */,
				248787C2239520FD005AA771 /* Day01Tests.swift */,
				248787D6239528D0005AA771 /* Day02.txt */,
				248787D42395284B005AA771 /* Day02Tests.swift */,
				24C6BABD239685AA00582C71 /* Day03.txt */,
				24C6BABB23967F5C00582C71 /* Day03Tests.swift */,
				24C6BAC323979F5200582C71 /* Day04.txt */,
				24C6BAC123979C0200582C71 /* Day04Tests.swift */,
				2410C11623992886000E7ECC /* Day05.txt */,
				2410C1122398E35F000E7ECC /* Day05Tests.swift */,
				2410C11F239A3857000E7ECC /* Day06.txt */,
				2410C11D239A3840000E7ECC /* Day06Tests.swift */,
			);
			path = Tests;
			sourceTree = "<group>";
		};
		248787CB2395211F005AA771 /* Source */ = {
			isa = PBXGroup;
			children = (
				248787CC239521A3005AA771 /* Day01.swift */,
				248787D223952841005AA771 /* Day02.swift */,
				24C6BAB923967F5500582C71 /* Day03.swift */,
				24C6BABF23979BEE00582C71 /* Day04.swift */,
				2410C1102398E34F000E7ECC /* Day05.swift */,
				2410C11B239A3810000E7ECC /* Day06.swift */,
				2410C1142398E459000E7ECC /* IntcodeComputer.swift */,
			);
			path = Source;
			sourceTree = "<group>";
		};
		24DD573D21B3FDF800A9E99B = {
			isa = PBXGroup;
			children = (
				24DD577021B3FFF900A9E99B /* Configurations */,
				247B625D21BF01D800E167FD /* Year2015 */,
				24DD575921B3FE8500A9E99B /* Year2018 */,
				248787B5239520C7005AA771 /* Year2019 */,
				24DD57A821B4040000A9E99B /* Advent */,
				24DD574821B3FDF800A9E99B /* Products */,
				247B625E21BF01FF00E167FD /* Frameworks */,
			);
			sourceTree = "<group>";
			usesTabs = 0;
		};
		24DD574821B3FDF800A9E99B /* Products */ = {
			isa = PBXGroup;
			children = (
				24DD575821B3FE8500A9E99B /* Year2018.framework */,
				24DD576421B3FECA00A9E99B /* Year2018 Tests.xctest */,
				24DD57A721B4040000A9E99B /* Advent.framework */,
				247B624621BF014000E167FD /* Year2015.framework */,
				247B625221BF014E00E167FD /* Year2015 Tests.xctest */,
				248787B4239520C7005AA771 /* Year2019.framework */,
				248787C0239520FD005AA771 /* Year2019 Tests.xctest */,
			);
			name = Products;
			sourceTree = "<group>";
		};
		24DD575921B3FE8500A9E99B /* Year2018 */ = {
			isa = PBXGroup;
			children = (
				24DD576F21B3FEDC00A9E99B /* Source */,
				24DD576521B3FECB00A9E99B /* Tests */,
			);
			path = Year2018;
			sourceTree = "<group>";
		};
		24DD576521B3FECB00A9E99B /* Tests */ = {
			isa = PBXGroup;
			children = (
				24DD57B321B4047E00A9E99B /* Input.swift */,
				24DD576621B3FECB00A9E99B /* Day01Tests.swift */,
				24DD57A021B4026000A9E99B /* Day01.txt */,
				24DD57B921B5BED400A9E99B /* Day02Tests.swift */,
				24DD57BB21B5BEED00A9E99B /* Day02.txt */,
				2402980721B6BE6500A8B68B /* Day03Tests.swift */,
				24DD57C221B726A200A9E99B /* Day03.txt */,
				24E4526921B83B9A001CE1AD /* Day04Tests.swift */,
				24E4526B21B83DCC001CE1AD /* Day04.txt */,
				245E185D21BC24D700FDA4AE /* Day05Tests.swift */,
				245E185F21BC25AC00FDA4AE /* Day05.txt */,
				245E186321BC6A8800FDA4AE /* Day06Tests.swift */,
				245E186521BC6ADD00FDA4AE /* Day06.txt */,
				245E186921BC7C6D00FDA4AE /* Day07Tests.swift */,
				245E186B21BC7C9400FDA4AE /* Day07.txt */,
				247B620E21BD920000E167FD /* Day08Tests.swift */,
				247B621021BD927600E167FD /* Day08.txt */,
				247B621421BDB7D000E167FD /* Day09Tests.swift */,
				247B621721BDB82100E167FD /* Day09.txt */,
				247B622321BE4C4000E167FD /* Day10Tests.swift */,
				247B622521BE4C6800E167FD /* Day10.txt */,
				247B627821BF9D7600E167FD /* Day11Tests.swift */,
				24F2BC2321C5C0EB005F84B2 /* Day12Tests.swift */,
				24F2BC2521C5C877005F84B2 /* Day12.txt */,
			);
			path = Tests;
			sourceTree = "<group>";
		};
		24DD576F21B3FEDC00A9E99B /* Source */ = {
			isa = PBXGroup;
			children = (
				24DD579E21B400F600A9E99B /* Day01.swift */,
				24DD57B721B5BEC700A9E99B /* Day02.swift */,
				2402980521B6BE5000A8B68B /* Day03.swift */,
				24E4526721B83B8E001CE1AD /* Day04.swift */,
				245E185B21BC24C900FDA4AE /* Day05.swift */,
				245E186121BC6A5C00FDA4AE /* Day06.swift */,
				245E186721BC7C5D00FDA4AE /* Day07.swift */,
				247B620C21BD91F200E167FD /* Day08.swift */,
				247B621221BDB7A500E167FD /* Day09.swift */,
				247B622121BE4C2C00E167FD /* Day10.swift */,
				247B627621BF9D6900E167FD /* Day11.swift */,
				24F2BC2121C5C0DE005F84B2 /* Day12.swift */,
			);
			path = Source;
			sourceTree = "<group>";
		};
		24DD577021B3FFF900A9E99B /* Configurations */ = {
			isa = PBXGroup;
			children = (
				24DD577221B3FFF900A9E99B /* SPM */,
				24DD577421B3FFF900A9E99B /* macOS */,
				24DD577C21B3FFF900A9E99B /* watchOS */,
				24DD578121B3FFF900A9E99B /* Debug.xcconfig */,
				24DD578221B3FFFA00A9E99B /* Release.xcconfig */,
				24DD578321B3FFFA00A9E99B /* Shared */,
				24DD578C21B3FFFA00A9E99B /* iOS */,
				24DD579721B3FFFA00A9E99B /* tvOS */,
			);
			path = Configurations;
			sourceTree = "<group>";
		};
		24DD577221B3FFF900A9E99B /* SPM */ = {
			isa = PBXGroup;
			children = (
				24DD577321B3FFF900A9E99B /* SPM Package Description.xcconfig */,
			);
			path = SPM;
			sourceTree = "<group>";
		};
		24DD577421B3FFF900A9E99B /* macOS */ = {
			isa = PBXGroup;
			children = (
				24DD577521B3FFF900A9E99B /* macOS.xcconfig */,
				24DD577621B3FFF900A9E99B /* macOS Command Line Tool.xcconfig */,
				24DD577721B3FFF900A9E99B /* macOS UI Tests.xcconfig */,
				24DD577821B3FFF900A9E99B /* macOS Application.xcconfig */,
				24DD577921B3FFF900A9E99B /* macOS Tests.xcconfig */,
				24DD577A21B3FFF900A9E99B /* macOS Framework.xcconfig */,
				24DD577B21B3FFF900A9E99B /* macOS Extension.xcconfig */,
			);
			path = macOS;
			sourceTree = "<group>";
		};
		24DD577C21B3FFF900A9E99B /* watchOS */ = {
			isa = PBXGroup;
			children = (
				24DD577D21B3FFF900A9E99B /* watchOS Extension.xcconfig */,
				24DD577E21B3FFF900A9E99B /* watchOS Application.xcconfig */,
				24DD577F21B3FFF900A9E99B /* watchOS Framework.xcconfig */,
				24DD578021B3FFF900A9E99B /* watchOS.xcconfig */,
			);
			path = watchOS;
			sourceTree = "<group>";
		};
		24DD578321B3FFFA00A9E99B /* Shared */ = {
			isa = PBXGroup;
			children = (
				24DD578421B3FFFA00A9E99B /* Shared Tests.xcconfig */,
				24DD578521B3FFFA00A9E99B /* Shared.xcconfig */,
				24DD578621B3FFFA00A9E99B /* Shared Tests.plist */,
				24DD578721B3FFFA00A9E99B /* Shared Framework.xcconfig */,
				24DD578821B3FFFA00A9E99B /* Shared Application.xcconfig */,
				24DD578921B3FFFA00A9E99B /* Shared Framework.plist */,
				24DD578A21B3FFFA00A9E99B /* Shared UI Tests.xcconfig */,
				24DD578B21B3FFFA00A9E99B /* Shared Extension.xcconfig */,
			);
			path = Shared;
			sourceTree = "<group>";
		};
		24DD578C21B3FFFA00A9E99B /* iOS */ = {
			isa = PBXGroup;
			children = (
				24DD578D21B3FFFA00A9E99B /* iOS UI Tests.xcconfig */,
				24DD578E21B3FFFA00A9E99B /* iOS Static Library.xcconfig */,
				24DD578F21B3FFFA00A9E99B /* iOS Extension.xcconfig */,
				24DD579021B3FFFA00A9E99B /* iOS Application.xcconfig */,
				24DD579121B3FFFA00A9E99B /* iOS Tests.xcconfig */,
				24DD579221B3FFFA00A9E99B /* iOS.xcconfig */,
				24DD579321B3FFFA00A9E99B /* iOS Application.plist */,
				24DD579421B3FFFA00A9E99B /* iOS Framework.xcconfig */,
				24DD579521B3FFFA00A9E99B /* iOS Bundle.xcconfig */,
			);
			path = iOS;
			sourceTree = "<group>";
		};
		24DD579721B3FFFA00A9E99B /* tvOS */ = {
			isa = PBXGroup;
			children = (
				24DD579821B3FFFA00A9E99B /* tvOS Application.xcconfig */,
				24DD579921B3FFFA00A9E99B /* tvOS Framework.xcconfig */,
				24DD579A21B3FFFA00A9E99B /* tvOS.xcconfig */,
				24DD579B21B3FFFA00A9E99B /* tvOS Extension.xcconfig */,
				24DD579C21B3FFFA00A9E99B /* tvOS UI Tests.xcconfig */,
				24DD579D21B3FFFA00A9E99B /* tvOS Tests.xcconfig */,
			);
			path = tvOS;
			sourceTree = "<group>";
		};
		24DD57A821B4040000A9E99B /* Advent */ = {
			isa = PBXGroup;
			children = (
				24DD57AF21B4040C00A9E99B /* Input.swift */,
				247B621B21BDD0AC00E167FD /* AccumulatingSequence.swift */,
				247B627A21BFA10300E167FD /* LookingAheadSequence.swift */,
				247B627C21BFA44E00E167FD /* ProductSequence.swift */,
				247B621D21BDD47700E167FD /* RepeatingElementsSequence.swift */,
				247B621921BDCF9200E167FD /* RepeatingSequence.swift */,
				247B626C21BF093500E167FD /* TrianglePairsSequence.swift */,
				24F2BC2721C6C9CC005F84B2 /* Collection.swift */,
				247B621F21BDD58100E167FD /* Sequence.swift */,
				24C6BAB2239646E600582C71 /* Position.swift */,
			);
			path = Advent;
			sourceTree = "<group>";
		};
/* End PBXGroup section */

/* Begin PBXHeadersBuildPhase section */
		247B624121BF014000E167FD /* Headers */ = {
			isa = PBXHeadersBuildPhase;
			buildActionMask = 2147483647;
			files = (
			);
			runOnlyForDeploymentPostprocessing = 0;
		};
		248787AF239520C7005AA771 /* Headers */ = {
			isa = PBXHeadersBuildPhase;
			buildActionMask = 2147483647;
			files = (
			);
			runOnlyForDeploymentPostprocessing = 0;
		};
		24DD575321B3FE8500A9E99B /* Headers */ = {
			isa = PBXHeadersBuildPhase;
			buildActionMask = 2147483647;
			files = (
			);
			runOnlyForDeploymentPostprocessing = 0;
		};
		24DD57A221B4040000A9E99B /* Headers */ = {
			isa = PBXHeadersBuildPhase;
			buildActionMask = 2147483647;
			files = (
			);
			runOnlyForDeploymentPostprocessing = 0;
		};
/* End PBXHeadersBuildPhase section */

/* Begin PBXNativeTarget section */
		247B624521BF014000E167FD /* Year2015 */ = {
			isa = PBXNativeTarget;
			buildConfigurationList = 247B624D21BF014100E167FD /* Build configuration list for PBXNativeTarget "Year2015" */;
			buildPhases = (
				247B624121BF014000E167FD /* Headers */,
				247B624221BF014000E167FD /* Sources */,
				247B624321BF014000E167FD /* Frameworks */,
				247B624421BF014000E167FD /* Resources */,
			);
			buildRules = (
			);
			dependencies = (
			);
			name = Year2015;
			productName = Year2015;
			productReference = 247B624621BF014000E167FD /* Year2015.framework */;
			productType = "com.apple.product-type.framework";
		};
		247B625121BF014E00E167FD /* Year2015 Tests */ = {
			isa = PBXNativeTarget;
			buildConfigurationList = 247B625A21BF014E00E167FD /* Build configuration list for PBXNativeTarget "Year2015 Tests" */;
			buildPhases = (
				247B624E21BF014E00E167FD /* Sources */,
				247B624F21BF014E00E167FD /* Frameworks */,
				247B625021BF014E00E167FD /* Resources */,
			);
			buildRules = (
			);
			dependencies = (
				247B625921BF014E00E167FD /* PBXTargetDependency */,
			);
			name = "Year2015 Tests";
			productName = "Year2015 Tests";
			productReference = 247B625221BF014E00E167FD /* Year2015 Tests.xctest */;
			productType = "com.apple.product-type.bundle.unit-test";
		};
		248787B3239520C7005AA771 /* Year2019 */ = {
			isa = PBXNativeTarget;
			buildConfigurationList = 248787BB239520C7005AA771 /* Build configuration list for PBXNativeTarget "Year2019" */;
			buildPhases = (
				248787AF239520C7005AA771 /* Headers */,
				248787B0239520C7005AA771 /* Sources */,
				248787B1239520C7005AA771 /* Frameworks */,
				248787B2239520C7005AA771 /* Resources */,
			);
			buildRules = (
			);
			dependencies = (
				248787DA239531AE005AA771 /* PBXTargetDependency */,
			);
			name = Year2019;
			productName = Year2019;
			productReference = 248787B4239520C7005AA771 /* Year2019.framework */;
			productType = "com.apple.product-type.framework";
		};
		248787BF239520FD005AA771 /* Year2019 Tests */ = {
			isa = PBXNativeTarget;
			buildConfigurationList = 248787C8239520FD005AA771 /* Build configuration list for PBXNativeTarget "Year2019 Tests" */;
			buildPhases = (
				248787BC239520FD005AA771 /* Sources */,
				248787BD239520FD005AA771 /* Frameworks */,
				248787BE239520FD005AA771 /* Resources */,
			);
			buildRules = (
			);
			dependencies = (
				248787DD239531B8005AA771 /* PBXTargetDependency */,
				248787C7239520FD005AA771 /* PBXTargetDependency */,
			);
			name = "Year2019 Tests";
			productName = "Year2019 Tests";
			productReference = 248787C0239520FD005AA771 /* Year2019 Tests.xctest */;
			productType = "com.apple.product-type.bundle.unit-test";
		};
		24DD575721B3FE8500A9E99B /* Year2018 */ = {
			isa = PBXNativeTarget;
			buildConfigurationList = 24DD575D21B3FE8500A9E99B /* Build configuration list for PBXNativeTarget "Year2018" */;
			buildPhases = (
				24DD575321B3FE8500A9E99B /* Headers */,
				24DD575421B3FE8500A9E99B /* Sources */,
				24DD575521B3FE8500A9E99B /* Frameworks */,
				24DD575621B3FE8500A9E99B /* Resources */,
			);
			buildRules = (
			);
			dependencies = (
			);
			name = Year2018;
			productName = Year2018;
			productReference = 24DD575821B3FE8500A9E99B /* Year2018.framework */;
			productType = "com.apple.product-type.framework";
		};
		24DD576321B3FECA00A9E99B /* Year2018 Tests */ = {
			isa = PBXNativeTarget;
			buildConfigurationList = 24DD576C21B3FECB00A9E99B /* Build configuration list for PBXNativeTarget "Year2018 Tests" */;
			buildPhases = (
				24DD576021B3FECA00A9E99B /* Sources */,
				24DD576121B3FECA00A9E99B /* Frameworks */,
				24DD576221B3FECA00A9E99B /* Resources */,
			);
			buildRules = (
			);
			dependencies = (
				24C6BAB823967E7400582C71 /* PBXTargetDependency */,
			);
			name = "Year2018 Tests";
			productName = "Year2018 Tests";
			productReference = 24DD576421B3FECA00A9E99B /* Year2018 Tests.xctest */;
			productType = "com.apple.product-type.bundle.unit-test";
		};
		24DD57A621B4040000A9E99B /* Advent */ = {
			isa = PBXNativeTarget;
			buildConfigurationList = 24DD57AC21B4040000A9E99B /* Build configuration list for PBXNativeTarget "Advent" */;
			buildPhases = (
				24DD57A221B4040000A9E99B /* Headers */,
				24DD57A321B4040000A9E99B /* Sources */,
				24DD57A421B4040000A9E99B /* Frameworks */,
				24DD57A521B4040000A9E99B /* Resources */,
			);
			buildRules = (
			);
			dependencies = (
			);
			name = Advent;
			productName = Advent;
			productReference = 24DD57A721B4040000A9E99B /* Advent.framework */;
			productType = "com.apple.product-type.framework";
		};
/* End PBXNativeTarget section */

/* Begin PBXProject section */
		24DD573E21B3FDF800A9E99B /* Project object */ = {
			isa = PBXProject;
			attributes = {
				LastSwiftUpdateCheck = 1120;
				LastUpgradeCheck = 1010;
				ORGANIZATIONNAME = "Daniel Tull";
				TargetAttributes = {
					247B624521BF014000E167FD = {
						CreatedOnToolsVersion = 10.1;
						LastSwiftMigration = 1020;
					};
					247B625121BF014E00E167FD = {
						CreatedOnToolsVersion = 10.1;
						LastSwiftMigration = 1020;
					};
					248787B3239520C7005AA771 = {
						CreatedOnToolsVersion = 11.2.1;
						LastSwiftMigration = 1120;
					};
					248787BF239520FD005AA771 = {
						CreatedOnToolsVersion = 11.2.1;
					};
					24DD575721B3FE8500A9E99B = {
						CreatedOnToolsVersion = 10.1;
						LastSwiftMigration = 1020;
					};
					24DD576321B3FECA00A9E99B = {
						CreatedOnToolsVersion = 10.1;
						LastSwiftMigration = 1020;
					};
					24DD57A621B4040000A9E99B = {
						CreatedOnToolsVersion = 10.1;
						LastSwiftMigration = 1020;
					};
				};
			};
			buildConfigurationList = 24DD574121B3FDF800A9E99B /* Build configuration list for PBXProject "Advent of Code" */;
			compatibilityVersion = "Xcode 9.3";
			developmentRegion = en;
			hasScannedForEncodings = 0;
			knownRegions = (
				en,
			);
			mainGroup = 24DD573D21B3FDF800A9E99B;
			productRefGroup = 24DD574821B3FDF800A9E99B /* Products */;
			projectDirPath = "";
			projectRoot = "";
			targets = (
				247B624521BF014000E167FD /* Year2015 */,
				247B625121BF014E00E167FD /* Year2015 Tests */,
				24DD575721B3FE8500A9E99B /* Year2018 */,
				24DD576321B3FECA00A9E99B /* Year2018 Tests */,
				248787B3239520C7005AA771 /* Year2019 */,
				248787BF239520FD005AA771 /* Year2019 Tests */,
				24DD57A621B4040000A9E99B /* Advent */,
			);
		};
/* End PBXProject section */

/* Begin PBXResourcesBuildPhase section */
		247B624421BF014000E167FD /* Resources */ = {
			isa = PBXResourcesBuildPhase;
			buildActionMask = 2147483647;
			files = (
			);
			runOnlyForDeploymentPostprocessing = 0;
		};
		247B625021BF014E00E167FD /* Resources */ = {
			isa = PBXResourcesBuildPhase;
			buildActionMask = 2147483647;
			files = (
				247B626321BF025100E167FD /* Day01.txt in Resources */,
				247B626B21BF087E00E167FD /* Day02.txt in Resources */,
				247B627321BF1D2A00E167FD /* Day03.txt in Resources */,
			);
			runOnlyForDeploymentPostprocessing = 0;
		};
		248787B2239520C7005AA771 /* Resources */ = {
			isa = PBXResourcesBuildPhase;
			buildActionMask = 2147483647;
			files = (
			);
			runOnlyForDeploymentPostprocessing = 0;
		};
		248787BE239520FD005AA771 /* Resources */ = {
			isa = PBXResourcesBuildPhase;
			buildActionMask = 2147483647;
			files = (
				2410C11723992886000E7ECC /* Day05.txt in Resources */,
				248787D1239523C6005AA771 /* Day01.txt in Resources */,
				24C6BAC423979F5200582C71 /* Day04.txt in Resources */,
				248787D7239528D0005AA771 /* Day02.txt in Resources */,
				24C6BABE239685AA00582C71 /* Day03.txt in Resources */,
				2410C120239A3857000E7ECC /* Day06.txt in Resources */,
			);
			runOnlyForDeploymentPostprocessing = 0;
		};
		24DD575621B3FE8500A9E99B /* Resources */ = {
			isa = PBXResourcesBuildPhase;
			buildActionMask = 2147483647;
			files = (
			);
			runOnlyForDeploymentPostprocessing = 0;
		};
		24DD576221B3FECA00A9E99B /* Resources */ = {
			isa = PBXResourcesBuildPhase;
			buildActionMask = 2147483647;
			files = (
				247B622621BE4C6800E167FD /* Day10.txt in Resources */,
				245E186021BC25AC00FDA4AE /* Day05.txt in Resources */,
				245E186C21BC7C9400FDA4AE /* Day07.txt in Resources */,
				24DD57B621B409F900A9E99B /* Day01.txt in Resources */,
				24F2BC2621C5C877005F84B2 /* Day12.txt in Resources */,
				24E4526C21B83DCC001CE1AD /* Day04.txt in Resources */,
				24DD57BD21B5BEF200A9E99B /* Day02.txt in Resources */,
				247B621821BDB82100E167FD /* Day09.txt in Resources */,
				247B621121BD927600E167FD /* Day08.txt in Resources */,
				24DD57C321B726A200A9E99B /* Day03.txt in Resources */,
				245E186621BC6ADD00FDA4AE /* Day06.txt in Resources */,
			);
			runOnlyForDeploymentPostprocessing = 0;
		};
		24DD57A521B4040000A9E99B /* Resources */ = {
			isa = PBXResourcesBuildPhase;
			buildActionMask = 2147483647;
			files = (
			);
			runOnlyForDeploymentPostprocessing = 0;
		};
/* End PBXResourcesBuildPhase section */

/* Begin PBXSourcesBuildPhase section */
		247B624221BF014000E167FD /* Sources */ = {
			isa = PBXSourcesBuildPhase;
			buildActionMask = 2147483647;
			files = (
				247B626721BF07B000E167FD /* Day02.swift in Sources */,
				247B626121BF021500E167FD /* Day01.swift in Sources */,
				247B626F21BF1AA600E167FD /* Day03.swift in Sources */,
			);
			runOnlyForDeploymentPostprocessing = 0;
		};
		247B624E21BF014E00E167FD /* Sources */ = {
			isa = PBXSourcesBuildPhase;
			buildActionMask = 2147483647;
			files = (
				247B626521BF030C00E167FD /* Input.swift in Sources */,
				247B626921BF07BD00E167FD /* Day02Tests.swift in Sources */,
				247B625521BF014E00E167FD /* Day01Tests.swift in Sources */,
				247B627121BF1AB200E167FD /* Day03Tests.swift in Sources */,
			);
			runOnlyForDeploymentPostprocessing = 0;
		};
		248787B0239520C7005AA771 /* Sources */ = {
			isa = PBXSourcesBuildPhase;
			buildActionMask = 2147483647;
			files = (
				2410C11C239A3810000E7ECC /* Day06.swift in Sources */,
				2410C1112398E34F000E7ECC /* Day05.swift in Sources */,
				2410C1152398E459000E7ECC /* IntcodeComputer.swift in Sources */,
				24C6BAC023979BEE00582C71 /* Day04.swift in Sources */,
				248787D323952841005AA771 /* Day02.swift in Sources */,
				248787CD239521A3005AA771 /* Day01.swift in Sources */,
				24C6BABA23967F5500582C71 /* Day03.swift in Sources */,
			);
			runOnlyForDeploymentPostprocessing = 0;
		};
		248787BC239520FD005AA771 /* Sources */ = {
			isa = PBXSourcesBuildPhase;
			buildActionMask = 2147483647;
			files = (
				24C6BAC223979C0200582C71 /* Day04Tests.swift in Sources */,
				2410C1132398E35F000E7ECC /* Day05Tests.swift in Sources */,
				248787CF239521C1005AA771 /* Input.swift in Sources */,
				248787D8239528E4005AA771 /* Day02Tests.swift in Sources */,
				2410C11E239A3840000E7ECC /* Day06Tests.swift in Sources */,
				248787C3239520FD005AA771 /* Day01Tests.swift in Sources */,
				24C6BABC23967F5C00582C71 /* Day03Tests.swift in Sources */,
			);
			runOnlyForDeploymentPostprocessing = 0;
		};
		24DD575421B3FE8500A9E99B /* Sources */ = {
			isa = PBXSourcesBuildPhase;
			buildActionMask = 2147483647;
			files = (
				245E185C21BC24C900FDA4AE /* Day05.swift in Sources */,
				24E4526821B83B8E001CE1AD /* Day04.swift in Sources */,
				247B621321BDB7A500E167FD /* Day09.swift in Sources */,
				245E186221BC6A5C00FDA4AE /* Day06.swift in Sources */,
				24DD57B821B5BEC700A9E99B /* Day02.swift in Sources */,
				247B622221BE4C2C00E167FD /* Day10.swift in Sources */,
				247B620D21BD91F200E167FD /* Day08.swift in Sources */,
				24DD579F21B400F600A9E99B /* Day01.swift in Sources */,
				247B627721BF9D6900E167FD /* Day11.swift in Sources */,
				245E186821BC7C5D00FDA4AE /* Day07.swift in Sources */,
				2402980621B6BE5000A8B68B /* Day03.swift in Sources */,
				24F2BC2221C5C0DE005F84B2 /* Day12.swift in Sources */,
			);
			runOnlyForDeploymentPostprocessing = 0;
		};
		24DD576021B3FECA00A9E99B /* Sources */ = {
			isa = PBXSourcesBuildPhase;
			buildActionMask = 2147483647;
			files = (
				24E4526A21B83B9A001CE1AD /* Day04Tests.swift in Sources */,
				247B622421BE4C4000E167FD /* Day10Tests.swift in Sources */,
				247B621621BDB7D200E167FD /* Day09Tests.swift in Sources */,
				245E185E21BC24D700FDA4AE /* Day05Tests.swift in Sources */,
				24DD57B521B409E800A9E99B /* Input.swift in Sources */,
				245E186A21BC7C6D00FDA4AE /* Day07Tests.swift in Sources */,
				247B627921BF9D7600E167FD /* Day11Tests.swift in Sources */,
				24DD57BA21B5BED400A9E99B /* Day02Tests.swift in Sources */,
				247B620F21BD920000E167FD /* Day08Tests.swift in Sources */,
				245E186421BC6A8800FDA4AE /* Day06Tests.swift in Sources */,
				24F2BC2421C5C0EB005F84B2 /* Day12Tests.swift in Sources */,
				24DD576721B3FECB00A9E99B /* Day01Tests.swift in Sources */,
				2402980821B6BE6500A8B68B /* Day03Tests.swift in Sources */,
			);
			runOnlyForDeploymentPostprocessing = 0;
		};
		24DD57A321B4040000A9E99B /* Sources */ = {
			isa = PBXSourcesBuildPhase;
			buildActionMask = 2147483647;
			files = (
				24F2BC2821C6C9CC005F84B2 /* Collection.swift in Sources */,
				247B627B21BFA10300E167FD /* LookingAheadSequence.swift in Sources */,
				247B621A21BDCF9200E167FD /* RepeatingSequence.swift in Sources */,
				247B627D21BFA44E00E167FD /* ProductSequence.swift in Sources */,
				247B621C21BDD0AC00E167FD /* AccumulatingSequence.swift in Sources */,
				247B626D21BF093500E167FD /* TrianglePairsSequence.swift in Sources */,
				24DD57B021B4040C00A9E99B /* Input.swift in Sources */,
				247B622021BDD58100E167FD /* Sequence.swift in Sources */,
				247B621E21BDD47700E167FD /* RepeatingElementsSequence.swift in Sources */,
				24C6BAB3239646E600582C71 /* Position.swift in Sources */,
			);
			runOnlyForDeploymentPostprocessing = 0;
		};
/* End PBXSourcesBuildPhase section */

/* Begin PBXTargetDependency section */
		247B625921BF014E00E167FD /* PBXTargetDependency */ = {
			isa = PBXTargetDependency;
			target = 247B624521BF014000E167FD /* Year2015 */;
			targetProxy = 247B625821BF014E00E167FD /* PBXContainerItemProxy */;
		};
		248787C7239520FD005AA771 /* PBXTargetDependency */ = {
			isa = PBXTargetDependency;
			target = 248787B3239520C7005AA771 /* Year2019 */;
			targetProxy = 248787C6239520FD005AA771 /* PBXContainerItemProxy */;
		};
		248787DA239531AE005AA771 /* PBXTargetDependency */ = {
			isa = PBXTargetDependency;
			target = 24DD57A621B4040000A9E99B /* Advent */;
			targetProxy = 248787D9239531AE005AA771 /* PBXContainerItemProxy */;
		};
		248787DD239531B8005AA771 /* PBXTargetDependency */ = {
			isa = PBXTargetDependency;
			target = 24DD57A621B4040000A9E99B /* Advent */;
			targetProxy = 248787DC239531B8005AA771 /* PBXContainerItemProxy */;
		};
		24C6BAB823967E7400582C71 /* PBXTargetDependency */ = {
			isa = PBXTargetDependency;
			target = 24DD575721B3FE8500A9E99B /* Year2018 */;
			targetProxy = 24C6BAB723967E7400582C71 /* PBXContainerItemProxy */;
		};
/* End PBXTargetDependency section */

/* Begin XCBuildConfiguration section */
		247B624B21BF014100E167FD /* Debug */ = {
			isa = XCBuildConfiguration;
			baseConfigurationReference = 24DD577A21B3FFF900A9E99B /* macOS Framework.xcconfig */;
			buildSettings = {
			};
			name = Debug;
		};
		247B624C21BF014100E167FD /* Release */ = {
			isa = XCBuildConfiguration;
			baseConfigurationReference = 24DD577A21B3FFF900A9E99B /* macOS Framework.xcconfig */;
			buildSettings = {
			};
			name = Release;
		};
		247B625B21BF014E00E167FD /* Debug */ = {
			isa = XCBuildConfiguration;
			baseConfigurationReference = 24DD577921B3FFF900A9E99B /* macOS Tests.xcconfig */;
			buildSettings = {
			};
			name = Debug;
		};
		247B625C21BF014E00E167FD /* Release */ = {
			isa = XCBuildConfiguration;
			baseConfigurationReference = 24DD577921B3FFF900A9E99B /* macOS Tests.xcconfig */;
			buildSettings = {
			};
			name = Release;
		};
		248787B9239520C7005AA771 /* Debug */ = {
			isa = XCBuildConfiguration;
			baseConfigurationReference = 24DD577A21B3FFF900A9E99B /* macOS Framework.xcconfig */;
			buildSettings = {
			};
			name = Debug;
		};
		248787BA239520C7005AA771 /* Release */ = {
			isa = XCBuildConfiguration;
			baseConfigurationReference = 24DD577A21B3FFF900A9E99B /* macOS Framework.xcconfig */;
			buildSettings = {
			};
			name = Release;
		};
		248787C9239520FD005AA771 /* Debug */ = {
			isa = XCBuildConfiguration;
			baseConfigurationReference = 24DD577921B3FFF900A9E99B /* macOS Tests.xcconfig */;
			buildSettings = {
			};
			name = Debug;
		};
		248787CA239520FD005AA771 /* Release */ = {
			isa = XCBuildConfiguration;
			baseConfigurationReference = 24DD577921B3FFF900A9E99B /* macOS Tests.xcconfig */;
			buildSettings = {
			};
			name = Release;
		};
		24DD574D21B3FDF800A9E99B /* Debug */ = {
			isa = XCBuildConfiguration;
			baseConfigurationReference = 24DD578121B3FFF900A9E99B /* Debug.xcconfig */;
			buildSettings = {
				DEVELOPMENT_TEAM = B2M757K4LG;
				IPHONEOS_DEPLOYMENT_TARGET = 12.0;
				MACOSX_DEPLOYMENT_TARGET = 10.14;
				SWIFT_VERSION = 5.0;
				TVOS_DEPLOYMENT_TARGET = 12.0;
				WATCHOS_DEPLOYMENT_TARGET = 5.0;
			};
			name = Debug;
		};
		24DD574E21B3FDF800A9E99B /* Release */ = {
			isa = XCBuildConfiguration;
			baseConfigurationReference = 24DD578221B3FFFA00A9E99B /* Release.xcconfig */;
			buildSettings = {
				DEVELOPMENT_TEAM = B2M757K4LG;
				IPHONEOS_DEPLOYMENT_TARGET = 12.0;
				MACOSX_DEPLOYMENT_TARGET = 10.14;
				SWIFT_VERSION = 5.0;
				TVOS_DEPLOYMENT_TARGET = 12.0;
				WATCHOS_DEPLOYMENT_TARGET = 5.0;
			};
			name = Release;
		};
		24DD575E21B3FE8500A9E99B /* Debug */ = {
			isa = XCBuildConfiguration;
			baseConfigurationReference = 24DD577A21B3FFF900A9E99B /* macOS Framework.xcconfig */;
			buildSettings = {
			};
			name = Debug;
		};
		24DD575F21B3FE8500A9E99B /* Release */ = {
			isa = XCBuildConfiguration;
			baseConfigurationReference = 24DD577A21B3FFF900A9E99B /* macOS Framework.xcconfig */;
			buildSettings = {
			};
			name = Release;
		};
		24DD576D21B3FECB00A9E99B /* Debug */ = {
			isa = XCBuildConfiguration;
			baseConfigurationReference = 24DD577921B3FFF900A9E99B /* macOS Tests.xcconfig */;
			buildSettings = {
			};
			name = Debug;
		};
		24DD576E21B3FECB00A9E99B /* Release */ = {
			isa = XCBuildConfiguration;
			baseConfigurationReference = 24DD577921B3FFF900A9E99B /* macOS Tests.xcconfig */;
			buildSettings = {
			};
			name = Release;
		};
		24DD57AD21B4040000A9E99B /* Debug */ = {
			isa = XCBuildConfiguration;
			baseConfigurationReference = 24DD577A21B3FFF900A9E99B /* macOS Framework.xcconfig */;
			buildSettings = {
			};
			name = Debug;
		};
		24DD57AE21B4040000A9E99B /* Release */ = {
			isa = XCBuildConfiguration;
			baseConfigurationReference = 24DD577A21B3FFF900A9E99B /* macOS Framework.xcconfig */;
			buildSettings = {
			};
			name = Release;
		};
/* End XCBuildConfiguration section */

/* Begin XCConfigurationList section */
		247B624D21BF014100E167FD /* Build configuration list for PBXNativeTarget "Year2015" */ = {
			isa = XCConfigurationList;
			buildConfigurations = (
				247B624B21BF014100E167FD /* Debug */,
				247B624C21BF014100E167FD /* Release */,
			);
			defaultConfigurationIsVisible = 0;
			defaultConfigurationName = Release;
		};
		247B625A21BF014E00E167FD /* Build configuration list for PBXNativeTarget "Year2015 Tests" */ = {
			isa = XCConfigurationList;
			buildConfigurations = (
				247B625B21BF014E00E167FD /* Debug */,
				247B625C21BF014E00E167FD /* Release */,
			);
			defaultConfigurationIsVisible = 0;
			defaultConfigurationName = Release;
		};
		248787BB239520C7005AA771 /* Build configuration list for PBXNativeTarget "Year2019" */ = {
			isa = XCConfigurationList;
			buildConfigurations = (
				248787B9239520C7005AA771 /* Debug */,
				248787BA239520C7005AA771 /* Release */,
			);
			defaultConfigurationIsVisible = 0;
			defaultConfigurationName = Release;
		};
		248787C8239520FD005AA771 /* Build configuration list for PBXNativeTarget "Year2019 Tests" */ = {
			isa = XCConfigurationList;
			buildConfigurations = (
				248787C9239520FD005AA771 /* Debug */,
				248787CA239520FD005AA771 /* Release */,
			);
			defaultConfigurationIsVisible = 0;
			defaultConfigurationName = Release;
		};
		24DD574121B3FDF800A9E99B /* Build configuration list for PBXProject "Advent of Code" */ = {
			isa = XCConfigurationList;
			buildConfigurations = (
				24DD574D21B3FDF800A9E99B /* Debug */,
				24DD574E21B3FDF800A9E99B /* Release */,
			);
			defaultConfigurationIsVisible = 0;
			defaultConfigurationName = Release;
		};
		24DD575D21B3FE8500A9E99B /* Build configuration list for PBXNativeTarget "Year2018" */ = {
			isa = XCConfigurationList;
			buildConfigurations = (
				24DD575E21B3FE8500A9E99B /* Debug */,
				24DD575F21B3FE8500A9E99B /* Release */,
			);
			defaultConfigurationIsVisible = 0;
			defaultConfigurationName = Release;
		};
		24DD576C21B3FECB00A9E99B /* Build configuration list for PBXNativeTarget "Year2018 Tests" */ = {
			isa = XCConfigurationList;
			buildConfigurations = (
				24DD576D21B3FECB00A9E99B /* Debug */,
				24DD576E21B3FECB00A9E99B /* Release */,
			);
			defaultConfigurationIsVisible = 0;
			defaultConfigurationName = Release;
		};
		24DD57AC21B4040000A9E99B /* Build configuration list for PBXNativeTarget "Advent" */ = {
			isa = XCConfigurationList;
			buildConfigurations = (
				24DD57AD21B4040000A9E99B /* Debug */,
				24DD57AE21B4040000A9E99B /* Release */,
			);
			defaultConfigurationIsVisible = 0;
			defaultConfigurationName = Release;
		};
/* End XCConfigurationList section */
	};
	rootObject = 24DD573E21B3FDF800A9E99B /* Project object */;
}
