{
  "object": {
    "pins": [
      {
        "package": "swift-algorithms",
        "repositoryURL": "https://github.com/danielctull-forks/swift-algorithms.git",
        "state": {
          "branch": "reductions",
          "revision": "b8bd047ac5051567c5b5c4d092568ef464d9ecfa",
          "version": null
        }
      },
      {
        "package": "swift-numerics",
        "repositoryURL": "https://github.com/apple/swift-numerics",
        "state": {
          "branch": null,
          "revision": "6b24333510e9044cf4716a07bed65eeed6bc6393",
          "version": "0.0.8"
        }
      }
    ]
  },
  "version": 1
}
